
Microsoft Visual Studio Solution File, Format Version 12.00
# Visual Studio Version 17
VisualStudioVersion = 17.6.33801.468
MinimumVisualStudioVersion = 10.0.40219.1
Project("{9A19103F-16F7-4668-BE54-9A1E7A4F7556}") = "FoodSellerProject", "FoodSellerProject\FoodSellerProject.csproj", "{DCE11C02-4111-4F27-A227-4869E08FA034}"
EndProject
Project("{FAE04EC0-301F-11D3-BF4B-00C04F79EFBC}") = "EntitiyLayer", "Entitiy Layer\EntitiyLayer.csproj", "{72E3E544-AD7B-48A4-8B84-0D063692B191}"
EndProject
Project("{FAE04EC0-301F-11D3-BF4B-00C04F79EFBC}") = "Business Layer", "Businness Layer\Business Layer.csproj", "{49B677A5-9A66-46A8-A175-6EFC3D6D7F6C}"
EndProject
Project("{FAE04EC0-301F-11D3-BF4B-00C04F79EFBC}") = "Data Access Layer", "Data Access Layer\Data Access Layer.csproj", "{24FA9504-52CB-470E-8573-F085D09C0CB5}"
EndProject
Global
	GlobalSection(SolutionConfigurationPlatforms) = preSolution
		Debug|Any CPU = Debug|Any CPU
		Release|Any CPU = Release|Any CPU
	EndGlobalSection
	GlobalSection(ProjectConfigurationPlatforms) = postSolution
		{DCE11C02-4111-4F27-A227-4869E08FA034}.Debug|Any CPU.ActiveCfg = Debug|Any CPU
		{DCE11C02-4111-4F27-A227-4869E08FA034}.Debug|Any CPU.Build.0 = Debug|Any CPU
		{DCE11C02-4111-4F27-A227-4869E08FA034}.Release|Any CPU.ActiveCfg = Release|Any CPU
		{DCE11C02-4111-4F27-A227-4869E08FA034}.Release|Any CPU.Build.0 = Release|Any CPU
		{72E3E544-AD7B-48A4-8B84-0D063692B191}.Debug|Any CPU.ActiveCfg = Debug|Any CPU
		{72E3E544-AD7B-48A4-8B84-0D063692B191}.Debug|Any CPU.Build.0 = Debug|Any CPU
		{72E3E544-AD7B-48A4-8B84-0D063692B191}.Release|Any CPU.ActiveCfg = Release|Any CPU
		{72E3E544-AD7B-48A4-8B84-0D063692B191}.Release|Any CPU.Build.0 = Release|Any CPU
		{49B677A5-9A66-46A8-A175-6EFC3D6D7F6C}.Debug|Any CPU.ActiveCfg = Debug|Any CPU
		{49B677A5-9A66-46A8-A175-6EFC3D6D7F6C}.Debug|Any CPU.Build.0 = Debug|Any CPU
		{49B677A5-9A66-46A8-A175-6EFC3D6D7F6C}.Release|Any CPU.ActiveCfg = Release|Any CPU
		{49B677A5-9A66-46A8-A175-6EFC3D6D7F6C}.Release|Any CPU.Build.0 = Release|Any CPU
		{24FA9504-52CB-470E-8573-F085D09C0CB5}.Debug|Any CPU.ActiveCfg = Debug|Any CPU
		{24FA9504-52CB-470E-8573-F085D09C0CB5}.Debug|Any CPU.Build.0 = Debug|Any CPU
		{24FA9504-52CB-470E-8573-F085D09C0CB5}.Release|Any CPU.ActiveCfg = Release|Any CPU
		{24FA9504-52CB-470E-8573-F085D09C0CB5}.Release|Any CPU.Build.0 = Release|Any CPU
	EndGlobalSection
	GlobalSection(SolutionProperties) = preSolution
		HideSolutionNode = FALSE
	EndGlobalSection
	GlobalSection(ExtensibilityGlobals) = postSolution
		SolutionGuid = {8F6C8500-7A36-4E29-9AA0-04D35E4031BC}
	EndGlobalSection
EndGlobal
